
Microsoft Visual Studio Solution File, Format Version 12.00
# Visual Studio Version 17
VisualStudioVersion = 17.14.36616.10 d17.14
MinimumVisualStudioVersion = 10.0.40219.1
Project("{FAE04EC0-301F-11D3-BF4B-00C04F79EFBC}") = "QUANLYSANBONG", "QUANLYSANBONG\QUANLYSANBONG.csproj", "{7553FCEA-002F-4DEC-B079-17B9B046AB68}"
EndProject
Global
	GlobalSection(SolutionConfigurationPlatforms) = preSolution
		Debug|Any CPU = Debug|Any CPU
		Release|Any CPU = Release|Any CPU
	EndGlobalSection
	GlobalSection(ProjectConfigurationPlatforms) = postSolution
		{7553FCEA-002F-4DEC-B079-17B9B046AB68}.Debug|Any CPU.ActiveCfg = Debug|Any CPU
		{7553FCEA-002F-4DEC-B079-17B9B046AB68}.Debug|Any CPU.Build.0 = Debug|Any CPU
		{7553FCEA-002F-4DEC-B079-17B9B046AB68}.Release|Any CPU.ActiveCfg = Release|Any CPU
		{7553FCEA-002F-4DEC-B079-17B9B046AB68}.Release|Any CPU.Build.0 = Release|Any CPU
	EndGlobalSection
	GlobalSection(SolutionProperties) = preSolution
		HideSolutionNode = FALSE
	EndGlobalSection
	GlobalSection(ExtensibilityGlobals) = postSolution
		SolutionGuid = {48329D7D-AF13-4A61-AA59-BC2FCC6C49ED}
	EndGlobalSection
EndGlobal
